
Microsoft Visual Studio Solution File, Format Version 12.00
# Visual Studio Version 16
VisualStudioVersion = 16.0.32126.311
MinimumVisualStudioVersion = 10.0.40219.1
Project("{FAE04EC0-301F-11D3-BF4B-00C04F79EFBC}") = "Demo_CRUD_Project", "Demo_CRUD_Project\Demo_CRUD_Project.csproj", "{F4273A5B-6D6B-4BF8-AABA-219D333CAE27}"
EndProject
Global
	GlobalSection(SolutionConfigurationPlatforms) = preSolution
		Debug|Any CPU = Debug|Any CPU
		Release|Any CPU = Release|Any CPU
	EndGlobalSection
	GlobalSection(ProjectConfigurationPlatforms) = postSolution
		{F4273A5B-6D6B-4BF8-AABA-219D333CAE27}.Debug|Any CPU.ActiveCfg = Debug|Any CPU
		{F4273A5B-6D6B-4BF8-AABA-219D333CAE27}.Debug|Any CPU.Build.0 = Debug|Any CPU
		{F4273A5B-6D6B-4BF8-AABA-219D333CAE27}.Release|Any CPU.ActiveCfg = Release|Any CPU
		{F4273A5B-6D6B-4BF8-AABA-219D333CAE27}.Release|Any CPU.Build.0 = Release|Any CPU
	EndGlobalSection
	GlobalSection(SolutionProperties) = preSolution
		HideSolutionNode = FALSE
	EndGlobalSection
	GlobalSection(ExtensibilityGlobals) = postSolution
		SolutionGuid = {D3F08777-83D5-420E-AEEF-0DE4A3E03F63}
	EndGlobalSection
EndGlobal
